{
  "name": "odin-homepage",
  "version": "1.0.0",
  "lockfileVersion": 3,
  "requires": true,
  "packages": {
    "": {
      "name": "odin-homepage",
      "version": "1.0.0",
      "license": "MIT",
      "dependencies": {
        "@perugi/css-reset": "^1.0.5"
      }
    },
    "node_modules/@perugi/css-reset": {
      "version": "1.0.5",
      "resolved": "https://registry.npmjs.org/@perugi/css-reset/-/css-reset-1.0.5.tgz",
      "integrity": "sha512-7BjgGxfOybMwt2cSw3VxR6gMg/wc72xwzkkS/DzBLmNmsFjODKGJ8hMJXIc1j5tZGA2y3xyGSS8eJBygAJUukg==",
      "license": "MIT",
      "dependencies": {
        "modern-normalize": "^3.0.1"
      }
    },
    "node_modules/modern-normalize": {
      "version": "3.0.1",
      "resolved": "https://registry.npmjs.org/modern-normalize/-/modern-normalize-3.0.1.tgz",
      "integrity": "sha512-VqlMdYi59Uch6fnUPxnpijWUQe+TW6zeWCvyr6Mb7JibheHzSuAAoJi2c71ZwIaWKpECpGpYHoaaBp6rBRr+/g==",
      "license": "MIT",
      "engines": {
        "node": ">=6"
      },
      "funding": {
        "url": "https://github.com/sponsors/sindresorhus"
      }
    }
  }
}
